
Microsoft Visual Studio Solution File, Format Version 12.00
# Visual Studio Version 17
VisualStudioVersion = 17.14.36603.0
MinimumVisualStudioVersion = 10.0.40219.1
Project("{FAE04EC0-301F-11D3-BF4B-00C04F79EFBC}") = "CartService", "CartService\CartService.csproj", "{0007B0A9-525F-4840-BC73-C2B522AFCB80}"
EndProject
Project("{FAE04EC0-301F-11D3-BF4B-00C04F79EFBC}") = "CartService.Tests", "CartService.Tests\CartService.Tests.csproj", "{39CCF0DE-1BF4-4613-93A9-6C59D8A3C07C}"
EndProject
Project("{FAE04EC0-301F-11D3-BF4B-00C04F79EFBC}") = "CatalogService.Core", "CatalogService.Application\CatalogService.Core.csproj", "{A0217877-EBE0-43F2-BFE0-0872F1D18DF7}"
EndProject
Project("{FAE04EC0-301F-11D3-BF4B-00C04F79EFBC}") = "CatalogService.Core.Tests", "CatalogService.Application.Tests\CatalogService.Core.Tests.csproj", "{CD1D7347-A032-4097-A79C-406A9A771B5C}"
EndProject
Project("{FAE04EC0-301F-11D3-BF4B-00C04F79EFBC}") = "CatalogService.Infrastructure", "CatalogService.Infrastructure\CatalogService.Infrastructure.csproj", "{2586D55E-B36B-4325-9F96-0F5F9BC98DFF}"
EndProject
Project("{FAE04EC0-301F-11D3-BF4B-00C04F79EFBC}") = "CatalogService.Infrastructure.Tests", "CatalogService.Infrastructure.Tests\CatalogService.Infrastructure.Tests.csproj", "{F585705D-9B49-4341-8FEA-5D4247AC4A9F}"
EndProject
Project("{FAE04EC0-301F-11D3-BF4B-00C04F79EFBC}") = "CartService.WebApi", "CartService.WebApi\CartService.WebApi.csproj", "{81D94206-EE3B-4955-A421-878320CD2CB9}"
EndProject
Project("{FAE04EC0-301F-11D3-BF4B-00C04F79EFBC}") = "CartService.WebApi.Tests", "CartService.WebApi.Tests\CartService.WebApi.Tests.csproj", "{1653F61C-5697-4040-952F-96FC82C56569}"
EndProject
Project("{FAE04EC0-301F-11D3-BF4B-00C04F79EFBC}") = "CatalogService.WebApi", "CatalogService.WebApi\CatalogService.WebApi.csproj", "{BD31F46E-D602-4C72-B46A-67734F12EB88}"
EndProject
Project("{FAE04EC0-301F-11D3-BF4B-00C04F79EFBC}") = "CatalogService.WebApi.Tests", "CatalogService.WebApi.Tests\CatalogService.WebApi.Tests.csproj", "{908C63C2-8FA2-41AC-8438-F404BBBBB27E}"
EndProject
Project("{FAE04EC0-301F-11D3-BF4B-00C04F79EFBC}") = "Messaging.Client", "Messaging.Client\Messaging.Client.csproj", "{70B32E39-6995-40C6-9461-19AD07BB4E83}"
EndProject
Project("{FAE04EC0-301F-11D3-BF4B-00C04F79EFBC}") = "Messaging.Abstractions", "Messaging.Abstractions\Messaging.Abstractions.csproj", "{8308BD25-961C-4986-957D-3C75C7E077CA}"
EndProject
Global
	GlobalSection(SolutionConfigurationPlatforms) = preSolution
		Debug|Any CPU = Debug|Any CPU
		Release|Any CPU = Release|Any CPU
	EndGlobalSection
	GlobalSection(ProjectConfigurationPlatforms) = postSolution
		{0007B0A9-525F-4840-BC73-C2B522AFCB80}.Debug|Any CPU.ActiveCfg = Debug|Any CPU
		{0007B0A9-525F-4840-BC73-C2B522AFCB80}.Debug|Any CPU.Build.0 = Debug|Any CPU
		{0007B0A9-525F-4840-BC73-C2B522AFCB80}.Release|Any CPU.ActiveCfg = Release|Any CPU
		{0007B0A9-525F-4840-BC73-C2B522AFCB80}.Release|Any CPU.Build.0 = Release|Any CPU
		{39CCF0DE-1BF4-4613-93A9-6C59D8A3C07C}.Debug|Any CPU.ActiveCfg = Debug|Any CPU
		{39CCF0DE-1BF4-4613-93A9-6C59D8A3C07C}.Debug|Any CPU.Build.0 = Debug|Any CPU
		{39CCF0DE-1BF4-4613-93A9-6C59D8A3C07C}.Release|Any CPU.ActiveCfg = Release|Any CPU
		{39CCF0DE-1BF4-4613-93A9-6C59D8A3C07C}.Release|Any CPU.Build.0 = Release|Any CPU
		{A0217877-EBE0-43F2-BFE0-0872F1D18DF7}.Debug|Any CPU.ActiveCfg = Debug|Any CPU
		{A0217877-EBE0-43F2-BFE0-0872F1D18DF7}.Debug|Any CPU.Build.0 = Debug|Any CPU
		{A0217877-EBE0-43F2-BFE0-0872F1D18DF7}.Release|Any CPU.ActiveCfg = Release|Any CPU
		{A0217877-EBE0-43F2-BFE0-0872F1D18DF7}.Release|Any CPU.Build.0 = Release|Any CPU
		{CD1D7347-A032-4097-A79C-406A9A771B5C}.Debug|Any CPU.ActiveCfg = Debug|Any CPU
		{CD1D7347-A032-4097-A79C-406A9A771B5C}.Debug|Any CPU.Build.0 = Debug|Any CPU
		{CD1D7347-A032-4097-A79C-406A9A771B5C}.Release|Any CPU.ActiveCfg = Release|Any CPU
		{CD1D7347-A032-4097-A79C-406A9A771B5C}.Release|Any CPU.Build.0 = Release|Any CPU
		{2586D55E-B36B-4325-9F96-0F5F9BC98DFF}.Debug|Any CPU.ActiveCfg = Debug|Any CPU
		{2586D55E-B36B-4325-9F96-0F5F9BC98DFF}.Debug|Any CPU.Build.0 = Debug|Any CPU
		{2586D55E-B36B-4325-9F96-0F5F9BC98DFF}.Release|Any CPU.ActiveCfg = Release|Any CPU
		{2586D55E-B36B-4325-9F96-0F5F9BC98DFF}.Release|Any CPU.Build.0 = Release|Any CPU
		{F585705D-9B49-4341-8FEA-5D4247AC4A9F}.Debug|Any CPU.ActiveCfg = Debug|Any CPU
		{F585705D-9B49-4341-8FEA-5D4247AC4A9F}.Debug|Any CPU.Build.0 = Debug|Any CPU
		{F585705D-9B49-4341-8FEA-5D4247AC4A9F}.Release|Any CPU.ActiveCfg = Release|Any CPU
		{F585705D-9B49-4341-8FEA-5D4247AC4A9F}.Release|Any CPU.Build.0 = Release|Any CPU
		{81D94206-EE3B-4955-A421-878320CD2CB9}.Debug|Any CPU.ActiveCfg = Debug|Any CPU
		{81D94206-EE3B-4955-A421-878320CD2CB9}.Debug|Any CPU.Build.0 = Debug|Any CPU
		{81D94206-EE3B-4955-A421-878320CD2CB9}.Release|Any CPU.ActiveCfg = Release|Any CPU
		{81D94206-EE3B-4955-A421-878320CD2CB9}.Release|Any CPU.Build.0 = Release|Any CPU
		{1653F61C-5697-4040-952F-96FC82C56569}.Debug|Any CPU.ActiveCfg = Debug|Any CPU
		{1653F61C-5697-4040-952F-96FC82C56569}.Debug|Any CPU.Build.0 = Debug|Any CPU
		{1653F61C-5697-4040-952F-96FC82C56569}.Release|Any CPU.ActiveCfg = Release|Any CPU
		{1653F61C-5697-4040-952F-96FC82C56569}.Release|Any CPU.Build.0 = Release|Any CPU
		{BD31F46E-D602-4C72-B46A-67734F12EB88}.Debug|Any CPU.ActiveCfg = Debug|Any CPU
		{BD31F46E-D602-4C72-B46A-67734F12EB88}.Debug|Any CPU.Build.0 = Debug|Any CPU
		{BD31F46E-D602-4C72-B46A-67734F12EB88}.Release|Any CPU.ActiveCfg = Release|Any CPU
		{BD31F46E-D602-4C72-B46A-67734F12EB88}.Release|Any CPU.Build.0 = Release|Any CPU
		{908C63C2-8FA2-41AC-8438-F404BBBBB27E}.Debug|Any CPU.ActiveCfg = Debug|Any CPU
		{908C63C2-8FA2-41AC-8438-F404BBBBB27E}.Debug|Any CPU.Build.0 = Debug|Any CPU
		{908C63C2-8FA2-41AC-8438-F404BBBBB27E}.Release|Any CPU.ActiveCfg = Release|Any CPU
		{908C63C2-8FA2-41AC-8438-F404BBBBB27E}.Release|Any CPU.Build.0 = Release|Any CPU
		{70B32E39-6995-40C6-9461-19AD07BB4E83}.Debug|Any CPU.ActiveCfg = Debug|Any CPU
		{70B32E39-6995-40C6-9461-19AD07BB4E83}.Debug|Any CPU.Build.0 = Debug|Any CPU
		{70B32E39-6995-40C6-9461-19AD07BB4E83}.Release|Any CPU.ActiveCfg = Release|Any CPU
		{70B32E39-6995-40C6-9461-19AD07BB4E83}.Release|Any CPU.Build.0 = Release|Any CPU
		{8308BD25-961C-4986-957D-3C75C7E077CA}.Debug|Any CPU.ActiveCfg = Debug|Any CPU
		{8308BD25-961C-4986-957D-3C75C7E077CA}.Debug|Any CPU.Build.0 = Debug|Any CPU
		{8308BD25-961C-4986-957D-3C75C7E077CA}.Release|Any CPU.ActiveCfg = Release|Any CPU
		{8308BD25-961C-4986-957D-3C75C7E077CA}.Release|Any CPU.Build.0 = Release|Any CPU
	EndGlobalSection
	GlobalSection(SolutionProperties) = preSolution
		HideSolutionNode = FALSE
	EndGlobalSection
	GlobalSection(ExtensibilityGlobals) = postSolution
		SolutionGuid = {69518181-8843-48D4-A2E9-A8A21F45D8F7}
	EndGlobalSection
EndGlobal
